
Microsoft Visual Studio Solution File, Format Version 12.00
# Visual Studio Version 16
VisualStudioVersion = 16.0.30114.105
MinimumVisualStudioVersion = 10.0.40219.1
Project("{2150E333-8FDC-42A3-9474-1A3956D46DE8}") = "src", "src", "{34F43084-7110-4CD9-B284-CE15552BB4AF}"
EndProject
Project("{FAE04EC0-301F-11D3-BF4B-00C04F79EFBC}") = "BookShelf.Web", "src\BookShelf.Web\BookShelf.Web.csproj", "{3F8931A5-21EC-4591-B394-4D7E657EF76F}"
EndProject
Project("{FAE04EC0-301F-11D3-BF4B-00C04F79EFBC}") = "BookShelf.Domain", "src\BookShelf.Domain\BookShelf.Domain.csproj", "{44DA176B-66F1-47CC-A98F-1177127A20F5}"
EndProject
Project("{FAE04EC0-301F-11D3-BF4B-00C04F79EFBC}") = "BookShelf.Infrastructure", "src\BookShelf.Infrastructure\BookShelf.Infrastructure.csproj", "{E26BC04A-B3D9-4FAD-AFB0-3F126757D946}"
EndProject
Global
	GlobalSection(SolutionConfigurationPlatforms) = preSolution
		Debug|Any CPU = Debug|Any CPU
		Release|Any CPU = Release|Any CPU
	EndGlobalSection
	GlobalSection(SolutionProperties) = preSolution
		HideSolutionNode = FALSE
	EndGlobalSection
	GlobalSection(ProjectConfigurationPlatforms) = postSolution
		{3F8931A5-21EC-4591-B394-4D7E657EF76F}.Debug|Any CPU.ActiveCfg = Debug|Any CPU
		{3F8931A5-21EC-4591-B394-4D7E657EF76F}.Debug|Any CPU.Build.0 = Debug|Any CPU
		{3F8931A5-21EC-4591-B394-4D7E657EF76F}.Release|Any CPU.ActiveCfg = Release|Any CPU
		{3F8931A5-21EC-4591-B394-4D7E657EF76F}.Release|Any CPU.Build.0 = Release|Any CPU
		{44DA176B-66F1-47CC-A98F-1177127A20F5}.Debug|Any CPU.ActiveCfg = Debug|Any CPU
		{44DA176B-66F1-47CC-A98F-1177127A20F5}.Debug|Any CPU.Build.0 = Debug|Any CPU
		{44DA176B-66F1-47CC-A98F-1177127A20F5}.Release|Any CPU.ActiveCfg = Release|Any CPU
		{44DA176B-66F1-47CC-A98F-1177127A20F5}.Release|Any CPU.Build.0 = Release|Any CPU
		{E26BC04A-B3D9-4FAD-AFB0-3F126757D946}.Debug|Any CPU.ActiveCfg = Debug|Any CPU
		{E26BC04A-B3D9-4FAD-AFB0-3F126757D946}.Debug|Any CPU.Build.0 = Debug|Any CPU
		{E26BC04A-B3D9-4FAD-AFB0-3F126757D946}.Release|Any CPU.ActiveCfg = Release|Any CPU
		{E26BC04A-B3D9-4FAD-AFB0-3F126757D946}.Release|Any CPU.Build.0 = Release|Any CPU
	EndGlobalSection
	GlobalSection(NestedProjects) = preSolution
		{3F8931A5-21EC-4591-B394-4D7E657EF76F} = {34F43084-7110-4CD9-B284-CE15552BB4AF}
		{44DA176B-66F1-47CC-A98F-1177127A20F5} = {34F43084-7110-4CD9-B284-CE15552BB4AF}
		{E26BC04A-B3D9-4FAD-AFB0-3F126757D946} = {34F43084-7110-4CD9-B284-CE15552BB4AF}
	EndGlobalSection
EndGlobal
